// !$*UTF8*$!
{
	archiveVersion = 1;
	classes = {
	};
	objectVersion = 77;
	objects = {

/* Begin PBXBuildFile section */
		EB6378D22D46421500A5EAA1 /* .gitignore in Resources */ = {isa = PBXBuildFile; fileRef = EB6378C92D46421500A5EAA1 /* .gitignore */; };
		EB6378D32D46421500A5EAA1 /* Assets.xcassets in Resources */ = {isa = PBXBuildFile; fileRef = EB6378CB2D46421500A5EAA1 /* Assets.xcassets */; };
		EB6378D52D46421500A5EAA1 /* LaunchScreen.storyboard in Resources */ = {isa = PBXBuildFile; fileRef = EB6378CE2D46421500A5EAA1 /* LaunchScreen.storyboard */; };
		EB6378D62D46421500A5EAA1 /* SecretKey.plist in Resources */ = {isa = PBXBuildFile; fileRef = EB6378D02D46421500A5EAA1 /* SecretKey.plist */; };
		EB6378D72D46421500A5EAA1 /* YoutubeViewController.swift in Sources */ = {isa = PBXBuildFile; fileRef = EB6378C12D46421500A5EAA1 /* YoutubeViewController.swift */; };
		EB6378D82D46421500A5EAA1 /* APIData.swift in Sources */ = {isa = PBXBuildFile; fileRef = EB6378C32D46421500A5EAA1 /* APIData.swift */; };
		EB6378D92D46421500A5EAA1 /* Model.swift in Sources */ = {isa = PBXBuildFile; fileRef = EB6378C42D46421500A5EAA1 /* Model.swift */; };
		EB6378DA2D46421500A5EAA1 /* WebViewController.swift in Sources */ = {isa = PBXBuildFile; fileRef = EB6378C62D46421500A5EAA1 /* WebViewController.swift */; };
		EB6378DB2D46421500A5EAA1 /* YouTubeCell.swift in Sources */ = {isa = PBXBuildFile; fileRef = EB6378C72D46421500A5EAA1 /* YouTubeCell.swift */; };
		EB6378DC2D46421500A5EAA1 /* AppDelegate.swift in Sources */ = {isa = PBXBuildFile; fileRef = EB6378CA2D46421500A5EAA1 /* AppDelegate.swift */; };
		EB6378DD2D46421500A5EAA1 /* SceneDelegate.swift in Sources */ = {isa = PBXBuildFile; fileRef = EB6378CF2D46421500A5EAA1 /* SceneDelegate.swift */; };
		EB6378E02D48B13A00A5EAA1 /* ImageCacheManager.swift in Sources */ = {isa = PBXBuildFile; fileRef = EB6378DF2D48B13A00A5EAA1 /* ImageCacheManager.swift */; };
/* End PBXBuildFile section */

/* Begin PBXFileReference section */
		EB6378C12D46421500A5EAA1 /* YoutubeViewController.swift */ = {isa = PBXFileReference; lastKnownFileType = sourcecode.swift; path = YoutubeViewController.swift; sourceTree = "<group>"; };
		EB6378C32D46421500A5EAA1 /* APIData.swift */ = {isa = PBXFileReference; lastKnownFileType = sourcecode.swift; path = APIData.swift; sourceTree = "<group>"; };
		EB6378C42D46421500A5EAA1 /* Model.swift */ = {isa = PBXFileReference; lastKnownFileType = sourcecode.swift; path = Model.swift; sourceTree = "<group>"; };
		EB6378C62D46421500A5EAA1 /* WebViewController.swift */ = {isa = PBXFileReference; lastKnownFileType = sourcecode.swift; path = WebViewController.swift; sourceTree = "<group>"; };
		EB6378C72D46421500A5EAA1 /* YouTubeCell.swift */ = {isa = PBXFileReference; lastKnownFileType = sourcecode.swift; path = YouTubeCell.swift; sourceTree = "<group>"; };
		EB6378C92D46421500A5EAA1 /* .gitignore */ = {isa = PBXFileReference; lastKnownFileType = text; path = .gitignore; sourceTree = "<group>"; };
		EB6378CA2D46421500A5EAA1 /* AppDelegate.swift */ = {isa = PBXFileReference; lastKnownFileType = sourcecode.swift; path = AppDelegate.swift; sourceTree = "<group>"; };
		EB6378CB2D46421500A5EAA1 /* Assets.xcassets */ = {isa = PBXFileReference; lastKnownFileType = folder.assetcatalog; path = Assets.xcassets; sourceTree = "<group>"; };
		EB6378CC2D46421500A5EAA1 /* Info.plist */ = {isa = PBXFileReference; lastKnownFileType = text.plist.xml; path = Info.plist; sourceTree = "<group>"; };
		EB6378CD2D46421500A5EAA1 /* Base */ = {isa = PBXFileReference; lastKnownFileType = file.storyboard; name = Base; path = Base.lproj/LaunchScreen.storyboard; sourceTree = "<group>"; };
		EB6378CF2D46421500A5EAA1 /* SceneDelegate.swift */ = {isa = PBXFileReference; lastKnownFileType = sourcecode.swift; path = SceneDelegate.swift; sourceTree = "<group>"; };
		EB6378D02D46421500A5EAA1 /* SecretKey.plist */ = {isa = PBXFileReference; lastKnownFileType = text.plist.xml; path = SecretKey.plist; sourceTree = "<group>"; };
		EB6378DF2D48B13A00A5EAA1 /* ImageCacheManager.swift */ = {isa = PBXFileReference; lastKnownFileType = sourcecode.swift; path = ImageCacheManager.swift; sourceTree = "<group>"; };
		EBA94E742D3F3F48008F7EC1 /* YoutubeUikit.app */ = {isa = PBXFileReference; explicitFileType = wrapper.application; includeInIndex = 0; path = YoutubeUikit.app; sourceTree = BUILT_PRODUCTS_DIR; };
/* End PBXFileReference section */

/* Begin PBXFrameworksBuildPhase section */
		EBA94E712D3F3F48008F7EC1 /* Frameworks */ = {
			isa = PBXFrameworksBuildPhase;
			buildActionMask = 2147483647;
			files = (
			);
			runOnlyForDeploymentPostprocessing = 0;
		};
/* End PBXFrameworksBuildPhase section */

/* Begin PBXGroup section */
		EB6378C22D46421500A5EAA1 /* Controller */ = {
			isa = PBXGroup;
			children = (
				EB6378C12D46421500A5EAA1 /* YoutubeViewController.swift */,
			);
			path = Controller;
			sourceTree = "<group>";
		};
		EB6378C52D46421500A5EAA1 /* Model */ = {
			isa = PBXGroup;
			children = (
				EB6378C32D46421500A5EAA1 /* APIData.swift */,
				EB6378C42D46421500A5EAA1 /* Model.swift */,
			);
			path = Model;
			sourceTree = "<group>";
		};
		EB6378C82D46421500A5EAA1 /* Views */ = {
			isa = PBXGroup;
			children = (
				EB6378C62D46421500A5EAA1 /* WebViewController.swift */,
				EB6378C72D46421500A5EAA1 /* YouTubeCell.swift */,
			);
			path = Views;
			sourceTree = "<group>";
		};
		EB6378D12D46421500A5EAA1 /* YoutubeUikit */ = {
			isa = PBXGroup;
			children = (
				EB6378DE2D48B11400A5EAA1 /* Util */,
				EB6378C52D46421500A5EAA1 /* Model */,
				EB6378C82D46421500A5EAA1 /* Views */,
				EB6378C22D46421500A5EAA1 /* Controller */,
				EB6378CA2D46421500A5EAA1 /* AppDelegate.swift */,
				EB6378CB2D46421500A5EAA1 /* Assets.xcassets */,
				EB6378CE2D46421500A5EAA1 /* LaunchScreen.storyboard */,
				EB6378CF2D46421500A5EAA1 /* SceneDelegate.swift */,
				EB6378C92D46421500A5EAA1 /* .gitignore */,
				EB6378CC2D46421500A5EAA1 /* Info.plist */,
				EB6378D02D46421500A5EAA1 /* SecretKey.plist */,
			);
			path = YoutubeUikit;
			sourceTree = "<group>";
		};
		EB6378DE2D48B11400A5EAA1 /* Util */ = {
			isa = PBXGroup;
			children = (
				EB6378DF2D48B13A00A5EAA1 /* ImageCacheManager.swift */,
			);
			path = Util;
			sourceTree = "<group>";
		};
		EBA94E6B2D3F3F48008F7EC1 = {
			isa = PBXGroup;
			children = (
				EB6378D12D46421500A5EAA1 /* YoutubeUikit */,
				EBA94E752D3F3F48008F7EC1 /* Products */,
			);
			sourceTree = "<group>";
		};
		EBA94E752D3F3F48008F7EC1 /* Products */ = {
			isa = PBXGroup;
			children = (
				EBA94E742D3F3F48008F7EC1 /* YoutubeUikit.app */,
			);
			name = Products;
			sourceTree = "<group>";
		};
/* End PBXGroup section */

/* Begin PBXNativeTarget section */
		EBA94E732D3F3F48008F7EC1 /* YoutubeUikit */ = {
			isa = PBXNativeTarget;
			buildConfigurationList = EBA94E872D3F3F4A008F7EC1 /* Build configuration list for PBXNativeTarget "YoutubeUikit" */;
			buildPhases = (
				EBA94E702D3F3F48008F7EC1 /* Sources */,
				EBA94E712D3F3F48008F7EC1 /* Frameworks */,
				EBA94E722D3F3F48008F7EC1 /* Resources */,
			);
			buildRules = (
			);
			dependencies = (
			);
			name = YoutubeUikit;
			packageProductDependencies = (
			);
			productName = YoutubeUikit;
			productReference = EBA94E742D3F3F48008F7EC1 /* YoutubeUikit.app */;
			productType = "com.apple.product-type.application";
		};
/* End PBXNativeTarget section */

/* Begin PBXProject section */
		EBA94E6C2D3F3F48008F7EC1 /* Project object */ = {
			isa = PBXProject;
			attributes = {
				BuildIndependentTargetsInParallel = 1;
				LastSwiftUpdateCheck = 1620;
				LastUpgradeCheck = 1620;
				TargetAttributes = {
					EBA94E732D3F3F48008F7EC1 = {
						CreatedOnToolsVersion = 16.2;
					};
				};
			};
			buildConfigurationList = EBA94E6F2D3F3F48008F7EC1 /* Build configuration list for PBXProject "YoutubeUikit" */;
			developmentRegion = en;
			hasScannedForEncodings = 0;
			knownRegions = (
				en,
				Base,
			);
			mainGroup = EBA94E6B2D3F3F48008F7EC1;
			minimizedProjectReferenceProxies = 1;
			preferredProjectObjectVersion = 77;
			productRefGroup = EBA94E752D3F3F48008F7EC1 /* Products */;
			projectDirPath = "";
			projectRoot = "";
			targets = (
				EBA94E732D3F3F48008F7EC1 /* YoutubeUikit */,
			);
		};
/* End PBXProject section */

/* Begin PBXResourcesBuildPhase section */
		EBA94E722D3F3F48008F7EC1 /* Resources */ = {
			isa = PBXResourcesBuildPhase;
			buildActionMask = 2147483647;
			files = (
				EB6378D22D46421500A5EAA1 /* .gitignore in Resources */,
				EB6378D32D46421500A5EAA1 /* Assets.xcassets in Resources */,
				EB6378D52D46421500A5EAA1 /* LaunchScreen.storyboard in Resources */,
				EB6378D62D46421500A5EAA1 /* SecretKey.plist in Resources */,
			);
			runOnlyForDeploymentPostprocessing = 0;
		};
/* End PBXResourcesBuildPhase section */

/* Begin PBXSourcesBuildPhase section */
		EBA94E702D3F3F48008F7EC1 /* Sources */ = {
			isa = PBXSourcesBuildPhase;
			buildActionMask = 2147483647;
			files = (
				EB6378D72D46421500A5EAA1 /* YoutubeViewController.swift in Sources */,
				EB6378D82D46421500A5EAA1 /* APIData.swift in Sources */,
				EB6378D92D46421500A5EAA1 /* Model.swift in Sources */,
				EB6378DA2D46421500A5EAA1 /* WebViewController.swift in Sources */,
				EB6378E02D48B13A00A5EAA1 /* ImageCacheManager.swift in Sources */,
				EB6378DB2D46421500A5EAA1 /* YouTubeCell.swift in Sources */,
				EB6378DC2D46421500A5EAA1 /* AppDelegate.swift in Sources */,
				EB6378DD2D46421500A5EAA1 /* SceneDelegate.swift in Sources */,
			);
			runOnlyForDeploymentPostprocessing = 0;
		};
/* End PBXSourcesBuildPhase section */

/* Begin PBXVariantGroup section */
		EB6378CE2D46421500A5EAA1 /* LaunchScreen.storyboard */ = {
			isa = PBXVariantGroup;
			children = (
				EB6378CD2D46421500A5EAA1 /* Base */,
			);
			name = LaunchScreen.storyboard;
			sourceTree = "<group>";
		};
/* End PBXVariantGroup section */

/* Begin XCBuildConfiguration section */
		EBA94E882D3F3F4A008F7EC1 /* Debug */ = {
			isa = XCBuildConfiguration;
			buildSettings = {
				ASSETCATALOG_COMPILER_APPICON_NAME = AppIcon;
				ASSETCATALOG_COMPILER_GLOBAL_ACCENT_COLOR_NAME = AccentColor;
				CODE_SIGN_STYLE = Automatic;
				CURRENT_PROJECT_VERSION = 1;
				GENERATE_INFOPLIST_FILE = YES;
				INFOPLIST_FILE = YoutubeUikit/Info.plist;
				INFOPLIST_KEY_UIApplicationSupportsIndirectInputEvents = YES;
				INFOPLIST_KEY_UILaunchStoryboardName = LaunchScreen;
				INFOPLIST_KEY_UISupportedInterfaceOrientations_iPad = "UIInterfaceOrientationPortrait UIInterfaceOrientationPortraitUpsideDown UIInterfaceOrientationLandscapeLeft UIInterfaceOrientationLandscapeRight";
				INFOPLIST_KEY_UISupportedInterfaceOrientations_iPhone = "UIInterfaceOrientationPortrait UIInterfaceOrientationLandscapeLeft UIInterfaceOrientationLandscapeRight";
				LD_RUNPATH_SEARCH_PATHS = (
					"$(inherited)",
					"@executable_path/Frameworks",
				);
				MARKETING_VERSION = 1.0;
				PRODUCT_BUNDLE_IDENTIFIER = com.khc1113.YoutubeUikit;
				PRODUCT_NAME = "$(TARGET_NAME)";
				SUPPORTED_PLATFORMS = "iphoneos iphonesimulator";
				SUPPORTS_MACCATALYST = NO;
				SUPPORTS_MAC_DESIGNED_FOR_IPHONE_IPAD = NO;
				SUPPORTS_XR_DESIGNED_FOR_IPHONE_IPAD = NO;
				SWIFT_EMIT_LOC_STRINGS = YES;
				SWIFT_VERSION = 5.0;
				TARGETED_DEVICE_FAMILY = 1;
			};
			name = Debug;
		};
		EBA94E892D3F3F4A008F7EC1 /* Release */ = {
			isa = XCBuildConfiguration;
			buildSettings = {
				ASSETCATALOG_COMPILER_APPICON_NAME = AppIcon;
				ASSETCATALOG_COMPILER_GLOBAL_ACCENT_COLOR_NAME = AccentColor;
				CODE_SIGN_STYLE = Automatic;
				CURRENT_PROJECT_VERSION = 1;
				GENERATE_INFOPLIST_FILE = YES;
				INFOPLIST_FILE = YoutubeUikit/Info.plist;
				INFOPLIST_KEY_UIApplicationSupportsIndirectInputEvents = YES;
				INFOPLIST_KEY_UILaunchStoryboardName = LaunchScreen;
				INFOPLIST_KEY_UISupportedInterfaceOrientations_iPad = "UIInterfaceOrientationPortrait UIInterfaceOrientationPortraitUpsideDown UIInterfaceOrientationLandscapeLeft UIInterfaceOrientationLandscapeRight";
				INFOPLIST_KEY_UISupportedInterfaceOrientations_iPhone = "UIInterfaceOrientationPortrait UIInterfaceOrientationLandscapeLeft UIInterfaceOrientationLandscapeRight";
				LD_RUNPATH_SEARCH_PATHS = (
					"$(inherited)",
					"@executable_path/Frameworks",
				);
				MARKETING_VERSION = 1.0;
				PRODUCT_BUNDLE_IDENTIFIER = com.khc1113.YoutubeUikit;
				PRODUCT_NAME = "$(TARGET_NAME)";
				SUPPORTED_PLATFORMS = "iphoneos iphonesimulator";
				SUPPORTS_MACCATALYST = NO;
				SUPPORTS_MAC_DESIGNED_FOR_IPHONE_IPAD = NO;
				SUPPORTS_XR_DESIGNED_FOR_IPHONE_IPAD = NO;
				SWIFT_EMIT_LOC_STRINGS = YES;
				SWIFT_VERSION = 5.0;
				TARGETED_DEVICE_FAMILY = 1;
			};
			name = Release;
		};
		EBA94E8A2D3F3F4A008F7EC1 /* Debug */ = {
			isa = XCBuildConfiguration;
			buildSettings = {
				ALWAYS_SEARCH_USER_PATHS = NO;
				ASSETCATALOG_COMPILER_GENERATE_SWIFT_ASSET_SYMBOL_EXTENSIONS = YES;
				CLANG_ANALYZER_NONNULL = YES;
				CLANG_ANALYZER_NUMBER_OBJECT_CONVERSION = YES_AGGRESSIVE;
				CLANG_CXX_LANGUAGE_STANDARD = "gnu++20";
				CLANG_ENABLE_MODULES = YES;
				CLANG_ENABLE_OBJC_ARC = YES;
				CLANG_ENABLE_OBJC_WEAK = YES;
				CLANG_WARN_BLOCK_CAPTURE_AUTORELEASING = YES;
				CLANG_WARN_BOOL_CONVERSION = YES;
				CLANG_WARN_COMMA = YES;
				CLANG_WARN_CONSTANT_CONVERSION = YES;
				CLANG_WARN_DEPRECATED_OBJC_IMPLEMENTATIONS = YES;
				CLANG_WARN_DIRECT_OBJC_ISA_USAGE = YES_ERROR;
				CLANG_WARN_DOCUMENTATION_COMMENTS = YES;
				CLANG_WARN_EMPTY_BODY = YES;
				CLANG_WARN_ENUM_CONVERSION = YES;
				CLANG_WARN_INFINITE_RECURSION = YES;
				CLANG_WARN_INT_CONVERSION = YES;
				CLANG_WARN_NON_LITERAL_NULL_CONVERSION = YES;
				CLANG_WARN_OBJC_IMPLICIT_RETAIN_SELF = YES;
				CLANG_WARN_OBJC_LITERAL_CONVERSION = YES;
				CLANG_WARN_OBJC_ROOT_CLASS = YES_ERROR;
				CLANG_WARN_QUOTED_INCLUDE_IN_FRAMEWORK_HEADER = YES;
				CLANG_WARN_RANGE_LOOP_ANALYSIS = YES;
				CLANG_WARN_STRICT_PROTOTYPES = YES;
				CLANG_WARN_SUSPICIOUS_MOVE = YES;
				CLANG_WARN_UNGUARDED_AVAILABILITY = YES_AGGRESSIVE;
				CLANG_WARN_UNREACHABLE_CODE = YES;
				CLANG_WARN__DUPLICATE_METHOD_MATCH = YES;
				COPY_PHASE_STRIP = NO;
				DEBUG_INFORMATION_FORMAT = dwarf;
				ENABLE_STRICT_OBJC_MSGSEND = YES;
				ENABLE_TESTABILITY = YES;
				ENABLE_USER_SCRIPT_SANDBOXING = YES;
				GCC_C_LANGUAGE_STANDARD = gnu17;
				GCC_DYNAMIC_NO_PIC = NO;
				GCC_NO_COMMON_BLOCKS = YES;
				GCC_OPTIMIZATION_LEVEL = 0;
				GCC_PREPROCESSOR_DEFINITIONS = (
					"DEBUG=1",
					"$(inherited)",
				);
				GCC_WARN_64_TO_32_BIT_CONVERSION = YES;
				GCC_WARN_ABOUT_RETURN_TYPE = YES_ERROR;
				GCC_WARN_UNDECLARED_SELECTOR = YES;
				GCC_WARN_UNINITIALIZED_AUTOS = YES_AGGRESSIVE;
				GCC_WARN_UNUSED_FUNCTION = YES;
				GCC_WARN_UNUSED_VARIABLE = YES;
				IPHONEOS_DEPLOYMENT_TARGET = 18.2;
				LOCALIZATION_PREFERS_STRING_CATALOGS = YES;
				MTL_ENABLE_DEBUG_INFO = INCLUDE_SOURCE;
				MTL_FAST_MATH = YES;
				ONLY_ACTIVE_ARCH = YES;
				SDKROOT = iphoneos;
				SWIFT_ACTIVE_COMPILATION_CONDITIONS = "DEBUG $(inherited)";
				SWIFT_OPTIMIZATION_LEVEL = "-Onone";
			};
			name = Debug;
		};
		EBA94E8B2D3F3F4A008F7EC1 /* Release */ = {
			isa = XCBuildConfiguration;
			buildSettings = {
				ALWAYS_SEARCH_USER_PATHS = NO;
				ASSETCATALOG_COMPILER_GENERATE_SWIFT_ASSET_SYMBOL_EXTENSIONS = YES;
				CLANG_ANALYZER_NONNULL = YES;
				CLANG_ANALYZER_NUMBER_OBJECT_CONVERSION = YES_AGGRESSIVE;
				CLANG_CXX_LANGUAGE_STANDARD = "gnu++20";
				CLANG_ENABLE_MODULES = YES;
				CLANG_ENABLE_OBJC_ARC = YES;
				CLANG_ENABLE_OBJC_WEAK = YES;
				CLANG_WARN_BLOCK_CAPTURE_AUTORELEASING = YES;
				CLANG_WARN_BOOL_CONVERSION = YES;
				CLANG_WARN_COMMA = YES;
				CLANG_WARN_CONSTANT_CONVERSION = YES;
				CLANG_WARN_DEPRECATED_OBJC_IMPLEMENTATIONS = YES;
				CLANG_WARN_DIRECT_OBJC_ISA_USAGE = YES_ERROR;
				CLANG_WARN_DOCUMENTATION_COMMENTS = YES;
				CLANG_WARN_EMPTY_BODY = YES;
				CLANG_WARN_ENUM_CONVERSION = YES;
				CLANG_WARN_INFINITE_RECURSION = YES;
				CLANG_WARN_INT_CONVERSION = YES;
				CLANG_WARN_NON_LITERAL_NULL_CONVERSION = YES;
				CLANG_WARN_OBJC_IMPLICIT_RETAIN_SELF = YES;
				CLANG_WARN_OBJC_LITERAL_CONVERSION = YES;
				CLANG_WARN_OBJC_ROOT_CLASS = YES_ERROR;
				CLANG_WARN_QUOTED_INCLUDE_IN_FRAMEWORK_HEADER = YES;
				CLANG_WARN_RANGE_LOOP_ANALYSIS = YES;
				CLANG_WARN_STRICT_PROTOTYPES = YES;
				CLANG_WARN_SUSPICIOUS_MOVE = YES;
				CLANG_WARN_UNGUARDED_AVAILABILITY = YES_AGGRESSIVE;
				CLANG_WARN_UNREACHABLE_CODE = YES;
				CLANG_WARN__DUPLICATE_METHOD_MATCH = YES;
				COPY_PHASE_STRIP = NO;
				DEBUG_INFORMATION_FORMAT = "dwarf-with-dsym";
				ENABLE_NS_ASSERTIONS = NO;
				ENABLE_STRICT_OBJC_MSGSEND = YES;
				ENABLE_USER_SCRIPT_SANDBOXING = YES;
				GCC_C_LANGUAGE_STANDARD = gnu17;
				GCC_NO_COMMON_BLOCKS = YES;
				GCC_WARN_64_TO_32_BIT_CONVERSION = YES;
				GCC_WARN_ABOUT_RETURN_TYPE = YES_ERROR;
				GCC_WARN_UNDECLARED_SELECTOR = YES;
				GCC_WARN_UNINITIALIZED_AUTOS = YES_AGGRESSIVE;
				GCC_WARN_UNUSED_FUNCTION = YES;
				GCC_WARN_UNUSED_VARIABLE = YES;
				IPHONEOS_DEPLOYMENT_TARGET = 18.2;
				LOCALIZATION_PREFERS_STRING_CATALOGS = YES;
				MTL_ENABLE_DEBUG_INFO = NO;
				MTL_FAST_MATH = YES;
				SDKROOT = iphoneos;
				SWIFT_COMPILATION_MODE = wholemodule;
				VALIDATE_PRODUCT = YES;
			};
			name = Release;
		};
/* End XCBuildConfiguration section */

/* Begin XCConfigurationList section */
		EBA94E6F2D3F3F48008F7EC1 /* Build configuration list for PBXProject "YoutubeUikit" */ = {
			isa = XCConfigurationList;
			buildConfigurations = (
				EBA94E8A2D3F3F4A008F7EC1 /* Debug */,
				EBA94E8B2D3F3F4A008F7EC1 /* Release */,
			);
			defaultConfigurationIsVisible = 0;
			defaultConfigurationName = Release;
		};
		EBA94E872D3F3F4A008F7EC1 /* Build configuration list for PBXNativeTarget "YoutubeUikit" */ = {
			isa = XCConfigurationList;
			buildConfigurations = (
				EBA94E882D3F3F4A008F7EC1 /* Debug */,
				EBA94E892D3F3F4A008F7EC1 /* Release */,
			);
			defaultConfigurationIsVisible = 0;
			defaultConfigurationName = Release;
		};
/* End XCConfigurationList section */
	};
	rootObject = EBA94E6C2D3F3F48008F7EC1 /* Project object */;
}
